// !$*UTF8*$!
{
	archiveVersion = 1;
	classes = {
	};
	objectVersion = 56;
	objects = {

/* Begin PBXBuildFile section */
		5E14FD0E2B78B154002AD82E /* Launch Screen.storyboard in Resources */ = {isa = PBXBuildFile; fileRef = 5E14FD0D2B78B154002AD82E /* Launch Screen.storyboard */; };
		5E14FD102B7932A8002AD82E /* SizedSpacer.swift in Sources */ = {isa = PBXBuildFile; fileRef = 5E14FD0F2B7932A8002AD82E /* SizedSpacer.swift */; };
		5E14FD122B793301002AD82E /* BackButton.swift in Sources */ = {isa = PBXBuildFile; fileRef = 5E14FD112B793301002AD82E /* BackButton.swift */; };
		5E14FD162B793448002AD82E /* PhoneRegisterConfigurator.swift in Sources */ = {isa = PBXBuildFile; fileRef = 5E14FD152B793448002AD82E /* PhoneRegisterConfigurator.swift */; };
		5E14FD182B793462002AD82E /* PhoneRegisterRouter.swift in Sources */ = {isa = PBXBuildFile; fileRef = 5E14FD172B793462002AD82E /* PhoneRegisterRouter.swift */; };
		5E14FD1B2B793B0C002AD82E /* PhoneRegisterViewModel.swift in Sources */ = {isa = PBXBuildFile; fileRef = 5E14FD1A2B793B0C002AD82E /* PhoneRegisterViewModel.swift */; };
		5E14FD1D2B793B68002AD82E /* PhoneNumberModel.swift in Sources */ = {isa = PBXBuildFile; fileRef = 5E14FD1C2B793B68002AD82E /* PhoneNumberModel.swift */; };
		5E14FD222B794ADE002AD82E /* OTPViewModel.swift in Sources */ = {isa = PBXBuildFile; fileRef = 5E14FD212B794ADE002AD82E /* OTPViewModel.swift */; };
		5E14FD252B794B27002AD82E /* OTPModel.swift in Sources */ = {isa = PBXBuildFile; fileRef = 5E14FD242B794B27002AD82E /* OTPModel.swift */; };
		5E14FD272B794BA3002AD82E /* OTPRouter.swift in Sources */ = {isa = PBXBuildFile; fileRef = 5E14FD262B794BA3002AD82E /* OTPRouter.swift */; };
		5E4AF1E92AC96AE9009E18AB /* TrendalAppApp.swift in Sources */ = {isa = PBXBuildFile; fileRef = 5E4AF1E82AC96AE9009E18AB /* TrendalAppApp.swift */; };
		5E4AF1EB2AC96AE9009E18AB /* ContentView.swift in Sources */ = {isa = PBXBuildFile; fileRef = 5E4AF1EA2AC96AE9009E18AB /* ContentView.swift */; };
		5E4AF1ED2AC96AEA009E18AB /* Assets.xcassets in Resources */ = {isa = PBXBuildFile; fileRef = 5E4AF1EC2AC96AEA009E18AB /* Assets.xcassets */; };
		5E4AF1F02AC96AEA009E18AB /* Preview Assets.xcassets in Resources */ = {isa = PBXBuildFile; fileRef = 5E4AF1EF2AC96AEA009E18AB /* Preview Assets.xcassets */; };
		5E4AF1FA2AC96AEA009E18AB /* TrendalAppTests.swift in Sources */ = {isa = PBXBuildFile; fileRef = 5E4AF1F92AC96AEA009E18AB /* TrendalAppTests.swift */; };
		5E4AF2042AC96AEA009E18AB /* TrendalAppUITests.swift in Sources */ = {isa = PBXBuildFile; fileRef = 5E4AF2032AC96AEA009E18AB /* TrendalAppUITests.swift */; };
		5E4AF2062AC96AEA009E18AB /* TrendalAppUITestsLaunchTests.swift in Sources */ = {isa = PBXBuildFile; fileRef = 5E4AF2052AC96AEA009E18AB /* TrendalAppUITestsLaunchTests.swift */; };
		5E4AF2132AC96B0C009E18AB /* BackButtonView.swift in Sources */ = {isa = PBXBuildFile; fileRef = 5E4AF2122AC96B0C009E18AB /* BackButtonView.swift */; };
		5E4AF2152AC96C38009E18AB /* DefaultButton.swift in Sources */ = {isa = PBXBuildFile; fileRef = 5E4AF2142AC96C38009E18AB /* DefaultButton.swift */; };
		5E4AF2172AC96E29009E18AB /* ExtensionColor.swift in Sources */ = {isa = PBXBuildFile; fileRef = 5E4AF2162AC96E29009E18AB /* ExtensionColor.swift */; };
		5E4AF2192AC97EEF009E18AB /* OtpTextFieldView.swift in Sources */ = {isa = PBXBuildFile; fileRef = 5E4AF2182AC97EEF009E18AB /* OtpTextFieldView.swift */; };
		5E4AF21B2AC97F5B009E18AB /* Text+Utils.swift in Sources */ = {isa = PBXBuildFile; fileRef = 5E4AF21A2AC97F5B009E18AB /* Text+Utils.swift */; };
		5E4AF21F2AC987B0009E18AB /* TextFieldView.swift in Sources */ = {isa = PBXBuildFile; fileRef = 5E4AF21E2AC987B0009E18AB /* TextFieldView.swift */; };
		5E4AF2212AC98986009E18AB /* PhoneNumberTextFieldView.swift in Sources */ = {isa = PBXBuildFile; fileRef = 5E4AF2202AC98986009E18AB /* PhoneNumberTextFieldView.swift */; };
		5E4AF2232AC99707009E18AB /* OtpView.swift in Sources */ = {isa = PBXBuildFile; fileRef = 5E4AF2222AC99707009E18AB /* OtpView.swift */; };
		5E4AF2272ACA745B009E18AB /* PhoneRegisterView.swift in Sources */ = {isa = PBXBuildFile; fileRef = 5E4AF2262ACA745B009E18AB /* PhoneRegisterView.swift */; };
		5E4AF2292ACA7B60009E18AB /* OtpViewScreen.swift in Sources */ = {isa = PBXBuildFile; fileRef = 5E4AF2282ACA7B60009E18AB /* OtpViewScreen.swift */; };
		5EDD4F382B7CB7BE0009D00B /* GenderModel.swift in Sources */ = {isa = PBXBuildFile; fileRef = 5EDD4F372B7CB7BE0009D00B /* GenderModel.swift */; };
		5EDD4F3B2B7CB8BE0009D00B /* SelectGenderRouter.swift in Sources */ = {isa = PBXBuildFile; fileRef = 5EDD4F3A2B7CB8BE0009D00B /* SelectGenderRouter.swift */; };
		5EDD4F3E2B7CB8DF0009D00B /* SelectGenderViewModel.swift in Sources */ = {isa = PBXBuildFile; fileRef = 5EDD4F3D2B7CB8DF0009D00B /* SelectGenderViewModel.swift */; };
		5EDD4F422B7CB90C0009D00B /* SelectGenderView.swift in Sources */ = {isa = PBXBuildFile; fileRef = 5EDD4F412B7CB90C0009D00B /* SelectGenderView.swift */; };
		5EDD4F482B7DDA610009D00B /* ChooseJobsRouter.swift in Sources */ = {isa = PBXBuildFile; fileRef = 5EDD4F472B7DDA610009D00B /* ChooseJobsRouter.swift */; };
		5EDD4F4A2B7DDAC70009D00B /* ChooseJobsViewModel.swift in Sources */ = {isa = PBXBuildFile; fileRef = 5EDD4F492B7DDAC70009D00B /* ChooseJobsViewModel.swift */; };
		5EDD4F4C2B7DDAF90009D00B /* ChooseJobsView.swift in Sources */ = {isa = PBXBuildFile; fileRef = 5EDD4F4B2B7DDAF90009D00B /* ChooseJobsView.swift */; };
		5EDD4F4E2B7DDF400009D00B /* BottomSheetView.swift in Sources */ = {isa = PBXBuildFile; fileRef = 5EDD4F4D2B7DDF400009D00B /* BottomSheetView.swift */; };
		C03413912B70F62A004B0099 /* LikeAnimationView.swift in Sources */ = {isa = PBXBuildFile; fileRef = C03413902B70F62A004B0099 /* LikeAnimationView.swift */; };
		C03413CA2B7204AE004B0099 /* ViewedView.swift in Sources */ = {isa = PBXBuildFile; fileRef = C03413C92B7204AE004B0099 /* ViewedView.swift */; };
		C03413CC2B720D79004B0099 /* DateView.swift in Sources */ = {isa = PBXBuildFile; fileRef = C03413CB2B720D79004B0099 /* DateView.swift */; };
		C03413D42B721709004B0099 /* LocationView.swift in Sources */ = {isa = PBXBuildFile; fileRef = C03413D32B721709004B0099 /* LocationView.swift */; };
		C03413D62B7217CC004B0099 /* ExperienceView.swift in Sources */ = {isa = PBXBuildFile; fileRef = C03413D52B7217CC004B0099 /* ExperienceView.swift */; };
		C03413D82B721888004B0099 /* Color+.swift in Sources */ = {isa = PBXBuildFile; fileRef = C03413D72B721888004B0099 /* Color+.swift */; };
		C0F80D792B700FC100F9508F /* JobCellView.swift in Sources */ = {isa = PBXBuildFile; fileRef = C0F80D782B700FC100F9508F /* JobCellView.swift */; };
		C0F80D7B2B70100700F9508F /* JobModel.swift in Sources */ = {isa = PBXBuildFile; fileRef = C0F80D7A2B70100700F9508F /* JobModel.swift */; };
		C0F80D812B7028C200F9508F /* JobsView.swift in Sources */ = {isa = PBXBuildFile; fileRef = C0F80D802B7028C200F9508F /* JobsView.swift */; };
		CEBC44952B70EB0C00995F56 /* Assets.swift in Sources */ = {isa = PBXBuildFile; fileRef = CEBC44942B70EB0C00995F56 /* Assets.swift */; };
		CEBC44972B70EB9600995F56 /* StringConstant .swift in Sources */ = {isa = PBXBuildFile; fileRef = CEBC44962B70EB9600995F56 /* StringConstant .swift */; };
		CEBC44992B70EBC600995F56 /* CommonConstants.swift in Sources */ = {isa = PBXBuildFile; fileRef = CEBC44982B70EBC600995F56 /* CommonConstants.swift */; };
		CEBC449F2B70EC6900995F56 /* IntExtension.swift in Sources */ = {isa = PBXBuildFile; fileRef = CEBC449E2B70EC6900995F56 /* IntExtension.swift */; };
		CEBC44A12B70ECA200995F56 /* AppColorsProtocol.swift in Sources */ = {isa = PBXBuildFile; fileRef = CEBC44A02B70ECA200995F56 /* AppColorsProtocol.swift */; };
		CEBC44A32B70ED4F00995F56 /* FontExtension.swift in Sources */ = {isa = PBXBuildFile; fileRef = CEBC44A22B70ED4F00995F56 /* FontExtension.swift */; };
		CEBC44A72B70EE4D00995F56 /* DateFormatter+.swift in Sources */ = {isa = PBXBuildFile; fileRef = CEBC44A62B70EE4D00995F56 /* DateFormatter+.swift */; };
		CEBC44AA2B70F04400995F56 /* Alamofire in Frameworks */ = {isa = PBXBuildFile; productRef = CEBC44A92B70F04400995F56 /* Alamofire */; };
		CEBC44AD2B70F0B000995F56 /* Interceptor.swift in Sources */ = {isa = PBXBuildFile; fileRef = CEBC44AC2B70F0B000995F56 /* Interceptor.swift */; };
		CEBC44B02B70F17500995F56 /* AccountService.swift in Sources */ = {isa = PBXBuildFile; fileRef = CEBC44AF2B70F17500995F56 /* AccountService.swift */; };
		CEBC44B32B70F19700995F56 /* User.swift in Sources */ = {isa = PBXBuildFile; fileRef = CEBC44B22B70F19700995F56 /* User.swift */; };
		CEBC44B52B70F1E200995F56 /* DataStorage.swift in Sources */ = {isa = PBXBuildFile; fileRef = CEBC44B42B70F1E200995F56 /* DataStorage.swift */; };
		CEBC44B82B70F20E00995F56 /* UserDefaultsStorage.swift in Sources */ = {isa = PBXBuildFile; fileRef = CEBC44B72B70F20E00995F56 /* UserDefaultsStorage.swift */; };
		CEBC44BA2B70F22300995F56 /* StorageProtocol.swift in Sources */ = {isa = PBXBuildFile; fileRef = CEBC44B92B70F22300995F56 /* StorageProtocol.swift */; };
		CEBC44BC2B70F26700995F56 /* ApiClient.swift in Sources */ = {isa = PBXBuildFile; fileRef = CEBC44BB2B70F26700995F56 /* ApiClient.swift */; };
		CEBC44BE2B70F2A700995F56 /* Endpoint.swift in Sources */ = {isa = PBXBuildFile; fileRef = CEBC44BD2B70F2A700995F56 /* Endpoint.swift */; };
		CEBC44C02B70F2D700995F56 /* NetworkLogger.swift in Sources */ = {isa = PBXBuildFile; fileRef = CEBC44BF2B70F2D700995F56 /* NetworkLogger.swift */; };
		CEBC44C22B70F33E00995F56 /* Router+Auth.swift in Sources */ = {isa = PBXBuildFile; fileRef = CEBC44C12B70F33E00995F56 /* Router+Auth.swift */; };
		E0E763302AD7BBC40046D7B0 /* GenderSelect.swift in Sources */ = {isa = PBXBuildFile; fileRef = E0E7632F2AD7BBC40046D7B0 /* GenderSelect.swift */; };
/* End PBXBuildFile section */

/* Begin PBXContainerItemProxy section */
		5E4AF1F62AC96AEA009E18AB /* PBXContainerItemProxy */ = {
			isa = PBXContainerItemProxy;
			containerPortal = 5E4AF1DD2AC96AE9009E18AB /* Project object */;
			proxyType = 1;
			remoteGlobalIDString = 5E4AF1E42AC96AE9009E18AB;
			remoteInfo = TrendalApp;
		};
		5E4AF2002AC96AEA009E18AB /* PBXContainerItemProxy */ = {
			isa = PBXContainerItemProxy;
			containerPortal = 5E4AF1DD2AC96AE9009E18AB /* Project object */;
			proxyType = 1;
			remoteGlobalIDString = 5E4AF1E42AC96AE9009E18AB;
			remoteInfo = TrendalApp;
		};
/* End PBXContainerItemProxy section */

/* Begin PBXFileReference section */
		5E14FD0D2B78B154002AD82E /* Launch Screen.storyboard */ = {isa = PBXFileReference; lastKnownFileType = file.storyboard; path = "Launch Screen.storyboard"; sourceTree = "<group>"; };
		5E14FD0F2B7932A8002AD82E /* SizedSpacer.swift */ = {isa = PBXFileReference; lastKnownFileType = sourcecode.swift; path = SizedSpacer.swift; sourceTree = "<group>"; };
		5E14FD112B793301002AD82E /* BackButton.swift */ = {isa = PBXFileReference; lastKnownFileType = sourcecode.swift; path = BackButton.swift; sourceTree = "<group>"; };
		5E14FD152B793448002AD82E /* PhoneRegisterConfigurator.swift */ = {isa = PBXFileReference; lastKnownFileType = sourcecode.swift; path = PhoneRegisterConfigurator.swift; sourceTree = "<group>"; };
		5E14FD172B793462002AD82E /* PhoneRegisterRouter.swift */ = {isa = PBXFileReference; lastKnownFileType = sourcecode.swift; path = PhoneRegisterRouter.swift; sourceTree = "<group>"; };
		5E14FD1A2B793B0C002AD82E /* PhoneRegisterViewModel.swift */ = {isa = PBXFileReference; lastKnownFileType = sourcecode.swift; path = PhoneRegisterViewModel.swift; sourceTree = "<group>"; };
		5E14FD1C2B793B68002AD82E /* PhoneNumberModel.swift */ = {isa = PBXFileReference; lastKnownFileType = sourcecode.swift; path = PhoneNumberModel.swift; sourceTree = "<group>"; };
		5E14FD212B794ADE002AD82E /* OTPViewModel.swift */ = {isa = PBXFileReference; lastKnownFileType = sourcecode.swift; path = OTPViewModel.swift; sourceTree = "<group>"; };
		5E14FD242B794B27002AD82E /* OTPModel.swift */ = {isa = PBXFileReference; lastKnownFileType = sourcecode.swift; path = OTPModel.swift; sourceTree = "<group>"; };
		5E14FD262B794BA3002AD82E /* OTPRouter.swift */ = {isa = PBXFileReference; lastKnownFileType = sourcecode.swift; path = OTPRouter.swift; sourceTree = "<group>"; };
		5E4AF1E52AC96AE9009E18AB /* TrendalApp.app */ = {isa = PBXFileReference; explicitFileType = wrapper.application; includeInIndex = 0; path = TrendalApp.app; sourceTree = BUILT_PRODUCTS_DIR; };
		5E4AF1E82AC96AE9009E18AB /* TrendalAppApp.swift */ = {isa = PBXFileReference; lastKnownFileType = sourcecode.swift; path = TrendalAppApp.swift; sourceTree = "<group>"; };
		5E4AF1EA2AC96AE9009E18AB /* ContentView.swift */ = {isa = PBXFileReference; lastKnownFileType = sourcecode.swift; path = ContentView.swift; sourceTree = "<group>"; };
		5E4AF1EC2AC96AEA009E18AB /* Assets.xcassets */ = {isa = PBXFileReference; lastKnownFileType = folder.assetcatalog; path = Assets.xcassets; sourceTree = "<group>"; };
		5E4AF1EF2AC96AEA009E18AB /* Preview Assets.xcassets */ = {isa = PBXFileReference; lastKnownFileType = folder.assetcatalog; path = "Preview Assets.xcassets"; sourceTree = "<group>"; };
		5E4AF1F52AC96AEA009E18AB /* TrendalAppTests.xctest */ = {isa = PBXFileReference; explicitFileType = wrapper.cfbundle; includeInIndex = 0; path = TrendalAppTests.xctest; sourceTree = BUILT_PRODUCTS_DIR; };
		5E4AF1F92AC96AEA009E18AB /* TrendalAppTests.swift */ = {isa = PBXFileReference; lastKnownFileType = sourcecode.swift; path = TrendalAppTests.swift; sourceTree = "<group>"; };
		5E4AF1FF2AC96AEA009E18AB /* TrendalAppUITests.xctest */ = {isa = PBXFileReference; explicitFileType = wrapper.cfbundle; includeInIndex = 0; path = TrendalAppUITests.xctest; sourceTree = BUILT_PRODUCTS_DIR; };
		5E4AF2032AC96AEA009E18AB /* TrendalAppUITests.swift */ = {isa = PBXFileReference; lastKnownFileType = sourcecode.swift; path = TrendalAppUITests.swift; sourceTree = "<group>"; };
		5E4AF2052AC96AEA009E18AB /* TrendalAppUITestsLaunchTests.swift */ = {isa = PBXFileReference; lastKnownFileType = sourcecode.swift; path = TrendalAppUITestsLaunchTests.swift; sourceTree = "<group>"; };
		5E4AF2122AC96B0C009E18AB /* BackButtonView.swift */ = {isa = PBXFileReference; lastKnownFileType = sourcecode.swift; path = BackButtonView.swift; sourceTree = "<group>"; };
		5E4AF2142AC96C38009E18AB /* DefaultButton.swift */ = {isa = PBXFileReference; lastKnownFileType = sourcecode.swift; path = DefaultButton.swift; sourceTree = "<group>"; };
		5E4AF2162AC96E29009E18AB /* ExtensionColor.swift */ = {isa = PBXFileReference; lastKnownFileType = sourcecode.swift; path = ExtensionColor.swift; sourceTree = "<group>"; };
		5E4AF2182AC97EEF009E18AB /* OtpTextFieldView.swift */ = {isa = PBXFileReference; lastKnownFileType = sourcecode.swift; path = OtpTextFieldView.swift; sourceTree = "<group>"; };
		5E4AF21A2AC97F5B009E18AB /* Text+Utils.swift */ = {isa = PBXFileReference; lastKnownFileType = sourcecode.swift; path = "Text+Utils.swift"; sourceTree = "<group>"; };
		5E4AF21E2AC987B0009E18AB /* TextFieldView.swift */ = {isa = PBXFileReference; lastKnownFileType = sourcecode.swift; path = TextFieldView.swift; sourceTree = "<group>"; };
		5E4AF2202AC98986009E18AB /* PhoneNumberTextFieldView.swift */ = {isa = PBXFileReference; lastKnownFileType = sourcecode.swift; path = PhoneNumberTextFieldView.swift; sourceTree = "<group>"; };
		5E4AF2222AC99707009E18AB /* OtpView.swift */ = {isa = PBXFileReference; lastKnownFileType = sourcecode.swift; path = OtpView.swift; sourceTree = "<group>"; };
		5E4AF2262ACA745B009E18AB /* PhoneRegisterView.swift */ = {isa = PBXFileReference; lastKnownFileType = sourcecode.swift; path = PhoneRegisterView.swift; sourceTree = "<group>"; };
		5E4AF2282ACA7B60009E18AB /* OtpViewScreen.swift */ = {isa = PBXFileReference; lastKnownFileType = sourcecode.swift; path = OtpViewScreen.swift; sourceTree = "<group>"; };
		5EDD4F372B7CB7BE0009D00B /* GenderModel.swift */ = {isa = PBXFileReference; lastKnownFileType = sourcecode.swift; path = GenderModel.swift; sourceTree = "<group>"; };
		5EDD4F3A2B7CB8BE0009D00B /* SelectGenderRouter.swift */ = {isa = PBXFileReference; lastKnownFileType = sourcecode.swift; path = SelectGenderRouter.swift; sourceTree = "<group>"; };
		5EDD4F3D2B7CB8DF0009D00B /* SelectGenderViewModel.swift */ = {isa = PBXFileReference; lastKnownFileType = sourcecode.swift; path = SelectGenderViewModel.swift; sourceTree = "<group>"; };
		5EDD4F412B7CB90C0009D00B /* SelectGenderView.swift */ = {isa = PBXFileReference; lastKnownFileType = sourcecode.swift; path = SelectGenderView.swift; sourceTree = "<group>"; };
		5EDD4F472B7DDA610009D00B /* ChooseJobsRouter.swift */ = {isa = PBXFileReference; lastKnownFileType = sourcecode.swift; path = ChooseJobsRouter.swift; sourceTree = "<group>"; };
		5EDD4F492B7DDAC70009D00B /* ChooseJobsViewModel.swift */ = {isa = PBXFileReference; lastKnownFileType = sourcecode.swift; path = ChooseJobsViewModel.swift; sourceTree = "<group>"; };
		5EDD4F4B2B7DDAF90009D00B /* ChooseJobsView.swift */ = {isa = PBXFileReference; lastKnownFileType = sourcecode.swift; path = ChooseJobsView.swift; sourceTree = "<group>"; };
		5EDD4F4D2B7DDF400009D00B /* BottomSheetView.swift */ = {isa = PBXFileReference; lastKnownFileType = sourcecode.swift; path = BottomSheetView.swift; sourceTree = "<group>"; };
		C03413902B70F62A004B0099 /* LikeAnimationView.swift */ = {isa = PBXFileReference; lastKnownFileType = sourcecode.swift; path = LikeAnimationView.swift; sourceTree = "<group>"; };
		C03413C92B7204AE004B0099 /* ViewedView.swift */ = {isa = PBXFileReference; lastKnownFileType = sourcecode.swift; path = ViewedView.swift; sourceTree = "<group>"; };
		C03413CB2B720D79004B0099 /* DateView.swift */ = {isa = PBXFileReference; lastKnownFileType = sourcecode.swift; path = DateView.swift; sourceTree = "<group>"; };
		C03413D32B721709004B0099 /* LocationView.swift */ = {isa = PBXFileReference; lastKnownFileType = sourcecode.swift; path = LocationView.swift; sourceTree = "<group>"; };
		C03413D52B7217CC004B0099 /* ExperienceView.swift */ = {isa = PBXFileReference; lastKnownFileType = sourcecode.swift; path = ExperienceView.swift; sourceTree = "<group>"; };
		C03413D72B721888004B0099 /* Color+.swift */ = {isa = PBXFileReference; lastKnownFileType = sourcecode.swift; path = "Color+.swift"; sourceTree = "<group>"; };
		C0F80D782B700FC100F9508F /* JobCellView.swift */ = {isa = PBXFileReference; lastKnownFileType = sourcecode.swift; path = JobCellView.swift; sourceTree = "<group>"; };
		C0F80D7A2B70100700F9508F /* JobModel.swift */ = {isa = PBXFileReference; lastKnownFileType = sourcecode.swift; path = JobModel.swift; sourceTree = "<group>"; };
		C0F80D802B7028C200F9508F /* JobsView.swift */ = {isa = PBXFileReference; lastKnownFileType = sourcecode.swift; path = JobsView.swift; sourceTree = "<group>"; };
		CEBC44942B70EB0C00995F56 /* Assets.swift */ = {isa = PBXFileReference; lastKnownFileType = sourcecode.swift; path = Assets.swift; sourceTree = "<group>"; };
		CEBC44962B70EB9600995F56 /* StringConstant .swift */ = {isa = PBXFileReference; lastKnownFileType = sourcecode.swift; path = "StringConstant .swift"; sourceTree = "<group>"; };
		CEBC44982B70EBC600995F56 /* CommonConstants.swift */ = {isa = PBXFileReference; lastKnownFileType = sourcecode.swift; path = CommonConstants.swift; sourceTree = "<group>"; };
		CEBC449E2B70EC6900995F56 /* IntExtension.swift */ = {isa = PBXFileReference; lastKnownFileType = sourcecode.swift; path = IntExtension.swift; sourceTree = "<group>"; };
		CEBC44A02B70ECA200995F56 /* AppColorsProtocol.swift */ = {isa = PBXFileReference; lastKnownFileType = sourcecode.swift; path = AppColorsProtocol.swift; sourceTree = "<group>"; };
		CEBC44A22B70ED4F00995F56 /* FontExtension.swift */ = {isa = PBXFileReference; lastKnownFileType = sourcecode.swift; path = FontExtension.swift; sourceTree = "<group>"; };
		CEBC44A62B70EE4D00995F56 /* DateFormatter+.swift */ = {isa = PBXFileReference; lastKnownFileType = sourcecode.swift; path = "DateFormatter+.swift"; sourceTree = "<group>"; };
		CEBC44AC2B70F0B000995F56 /* Interceptor.swift */ = {isa = PBXFileReference; lastKnownFileType = sourcecode.swift; path = Interceptor.swift; sourceTree = "<group>"; };
		CEBC44AF2B70F17500995F56 /* AccountService.swift */ = {isa = PBXFileReference; lastKnownFileType = sourcecode.swift; path = AccountService.swift; sourceTree = "<group>"; };
		CEBC44B22B70F19700995F56 /* User.swift */ = {isa = PBXFileReference; lastKnownFileType = sourcecode.swift; path = User.swift; sourceTree = "<group>"; };
		CEBC44B42B70F1E200995F56 /* DataStorage.swift */ = {isa = PBXFileReference; lastKnownFileType = sourcecode.swift; path = DataStorage.swift; sourceTree = "<group>"; };
		CEBC44B72B70F20E00995F56 /* UserDefaultsStorage.swift */ = {isa = PBXFileReference; lastKnownFileType = sourcecode.swift; path = UserDefaultsStorage.swift; sourceTree = "<group>"; };
		CEBC44B92B70F22300995F56 /* StorageProtocol.swift */ = {isa = PBXFileReference; lastKnownFileType = sourcecode.swift; path = StorageProtocol.swift; sourceTree = "<group>"; };
		CEBC44BB2B70F26700995F56 /* ApiClient.swift */ = {isa = PBXFileReference; lastKnownFileType = sourcecode.swift; path = ApiClient.swift; sourceTree = "<group>"; };
		CEBC44BD2B70F2A700995F56 /* Endpoint.swift */ = {isa = PBXFileReference; lastKnownFileType = sourcecode.swift; path = Endpoint.swift; sourceTree = "<group>"; };
		CEBC44BF2B70F2D700995F56 /* NetworkLogger.swift */ = {isa = PBXFileReference; lastKnownFileType = sourcecode.swift; path = NetworkLogger.swift; sourceTree = "<group>"; };
		CEBC44C12B70F33E00995F56 /* Router+Auth.swift */ = {isa = PBXFileReference; lastKnownFileType = sourcecode.swift; path = "Router+Auth.swift"; sourceTree = "<group>"; };
		E0E7632F2AD7BBC40046D7B0 /* GenderSelect.swift */ = {isa = PBXFileReference; lastKnownFileType = sourcecode.swift; path = GenderSelect.swift; sourceTree = "<group>"; };
/* End PBXFileReference section */

/* Begin PBXFrameworksBuildPhase section */
		5E4AF1E22AC96AE9009E18AB /* Frameworks */ = {
			isa = PBXFrameworksBuildPhase;
			buildActionMask = 2147483647;
			files = (
				CEBC44AA2B70F04400995F56 /* Alamofire in Frameworks */,
			);
			runOnlyForDeploymentPostprocessing = 0;
		};
		5E4AF1F22AC96AEA009E18AB /* Frameworks */ = {
			isa = PBXFrameworksBuildPhase;
			buildActionMask = 2147483647;
			files = (
			);
			runOnlyForDeploymentPostprocessing = 0;
		};
		5E4AF1FC2AC96AEA009E18AB /* Frameworks */ = {
			isa = PBXFrameworksBuildPhase;
			buildActionMask = 2147483647;
			files = (
			);
			runOnlyForDeploymentPostprocessing = 0;
		};
/* End PBXFrameworksBuildPhase section */

/* Begin PBXGroup section */
		5E14FD132B7933BD002AD82E /* PhoneRegister */ = {
			isa = PBXGroup;
			children = (
				5E14FD192B793AFE002AD82E /* ViewModel */,
				5E14FD142B79342B002AD82E /* View */,
				5E14FD152B793448002AD82E /* PhoneRegisterConfigurator.swift */,
				5E14FD172B793462002AD82E /* PhoneRegisterRouter.swift */,
			);
			path = PhoneRegister;
			sourceTree = "<group>";
		};
		5E14FD142B79342B002AD82E /* View */ = {
			isa = PBXGroup;
			children = (
				5E4AF2262ACA745B009E18AB /* PhoneRegisterView.swift */,
			);
			path = View;
			sourceTree = "<group>";
		};
		5E14FD192B793AFE002AD82E /* ViewModel */ = {
			isa = PBXGroup;
			children = (
				5E14FD1A2B793B0C002AD82E /* PhoneRegisterViewModel.swift */,
			);
			path = ViewModel;
			sourceTree = "<group>";
		};
		5E14FD1E2B794A82002AD82E /* OTP */ = {
			isa = PBXGroup;
			children = (
				5E14FD202B794AC6002AD82E /* ViewModel */,
				5E14FD1F2B794A93002AD82E /* View */,
				5E14FD262B794BA3002AD82E /* OTPRouter.swift */,
			);
			path = OTP;
			sourceTree = "<group>";
		};
		5E14FD1F2B794A93002AD82E /* View */ = {
			isa = PBXGroup;
			children = (
				5E4AF2282ACA7B60009E18AB /* OtpViewScreen.swift */,
			);
			path = View;
			sourceTree = "<group>";
		};
		5E14FD202B794AC6002AD82E /* ViewModel */ = {
			isa = PBXGroup;
			children = (
				5E14FD212B794ADE002AD82E /* OTPViewModel.swift */,
			);
			path = ViewModel;
			sourceTree = "<group>";
		};
		5E4AF1DC2AC96AE9009E18AB = {
			isa = PBXGroup;
			children = (
				5E4AF1E72AC96AE9009E18AB /* TrendalApp */,
				5E4AF1F82AC96AEA009E18AB /* TrendalAppTests */,
				5E4AF2022AC96AEA009E18AB /* TrendalAppUITests */,
				5E4AF1E62AC96AE9009E18AB /* Products */,
			);
			sourceTree = "<group>";
		};
		5E4AF1E62AC96AE9009E18AB /* Products */ = {
			isa = PBXGroup;
			children = (
				5E4AF1E52AC96AE9009E18AB /* TrendalApp.app */,
				5E4AF1F52AC96AEA009E18AB /* TrendalAppTests.xctest */,
				5E4AF1FF2AC96AEA009E18AB /* TrendalAppUITests.xctest */,
			);
			name = Products;
			sourceTree = "<group>";
		};
		5E4AF1E72AC96AE9009E18AB /* TrendalApp */ = {
			isa = PBXGroup;
			children = (
				C03413D02B720EBF004B0099 /* UIComponents */,
				CEBC44B62B70F1FC00995F56 /* DataStorage */,
				CEBC44B12B70F19000995F56 /* Model */,
				CEBC44AE2B70F16400995F56 /* Service */,
				CEBC44AB2B70F09D00995F56 /* ApiClient */,
				CEBC44932B70EAF600995F56 /* Constants */,
				C0F80D7C2B70288800F9508F /* MainPage */,
				5E4AF1E82AC96AE9009E18AB /* TrendalAppApp.swift */,
				5E4AF1EA2AC96AE9009E18AB /* ContentView.swift */,
				5E4AF1EC2AC96AEA009E18AB /* Assets.xcassets */,
				5E4AF1EE2AC96AEA009E18AB /* Preview Content */,
				5E14FD0D2B78B154002AD82E /* Launch Screen.storyboard */,
			);
			path = TrendalApp;
			sourceTree = "<group>";
		};
		5E4AF1EE2AC96AEA009E18AB /* Preview Content */ = {
			isa = PBXGroup;
			children = (
				5E4AF1EF2AC96AEA009E18AB /* Preview Assets.xcassets */,
			);
			path = "Preview Content";
			sourceTree = "<group>";
		};
		5E4AF1F82AC96AEA009E18AB /* TrendalAppTests */ = {
			isa = PBXGroup;
			children = (
				5E4AF1F92AC96AEA009E18AB /* TrendalAppTests.swift */,
			);
			path = TrendalAppTests;
			sourceTree = "<group>";
		};
		5E4AF2022AC96AEA009E18AB /* TrendalAppUITests */ = {
			isa = PBXGroup;
			children = (
				5E4AF2032AC96AEA009E18AB /* TrendalAppUITests.swift */,
				5E4AF2052AC96AEA009E18AB /* TrendalAppUITestsLaunchTests.swift */,
			);
			path = TrendalAppUITests;
			sourceTree = "<group>";
		};
		5EDD4F392B7CB87B0009D00B /* SelectGenderGroup */ = {
			isa = PBXGroup;
			children = (
				5EDD4F3F2B7CB8F40009D00B /* View */,
				5EDD4F3C2B7CB8C70009D00B /* ViewModel */,
				5EDD4F3A2B7CB8BE0009D00B /* SelectGenderRouter.swift */,
			);
			path = SelectGenderGroup;
			sourceTree = "<group>";
		};
		5EDD4F3C2B7CB8C70009D00B /* ViewModel */ = {
			isa = PBXGroup;
			children = (
				5EDD4F3D2B7CB8DF0009D00B /* SelectGenderViewModel.swift */,
			);
			path = ViewModel;
			sourceTree = "<group>";
		};
		5EDD4F3F2B7CB8F40009D00B /* View */ = {
			isa = PBXGroup;
			children = (
				5EDD4F412B7CB90C0009D00B /* SelectGenderView.swift */,
			);
			path = View;
			sourceTree = "<group>";
		};
		5EDD4F432B7DDA390009D00B /* ChooseJobs */ = {
			isa = PBXGroup;
			children = (
				5EDD4F452B7DDA4D0009D00B /* ViewModel */,
				5EDD4F442B7DDA490009D00B /* View */,
				5EDD4F472B7DDA610009D00B /* ChooseJobsRouter.swift */,
			);
			path = ChooseJobs;
			sourceTree = "<group>";
		};
		5EDD4F442B7DDA490009D00B /* View */ = {
			isa = PBXGroup;
			children = (
				5EDD4F4B2B7DDAF90009D00B /* ChooseJobsView.swift */,
			);
			path = View;
			sourceTree = "<group>";
		};
		5EDD4F452B7DDA4D0009D00B /* ViewModel */ = {
			isa = PBXGroup;
			children = (
				5EDD4F492B7DDAC70009D00B /* ChooseJobsViewModel.swift */,
			);
			path = ViewModel;
			sourceTree = "<group>";
		};
		C03413CD2B720E48004B0099 /* Helpers */ = {
			isa = PBXGroup;
			children = (
			);
			path = Helpers;
			sourceTree = "<group>";
		};
		C03413D02B720EBF004B0099 /* UIComponents */ = {
			isa = PBXGroup;
			children = (
				C03413DE2B7241DE004B0099 /* Specific */,
				C03413DD2B7241B3004B0099 /* TextFields */,
				C03413DC2B724199004B0099 /* Buttons */,
				C03413DB2B724160004B0099 /* AdditionalInformation */,
				C03413DA2B724115004B0099 /* Modules */,
				C03413CD2B720E48004B0099 /* Helpers */,
			);
			path = UIComponents;
			sourceTree = "<group>";
		};
		C03413DA2B724115004B0099 /* Modules */ = {
			isa = PBXGroup;
			children = (
				5EDD4F432B7DDA390009D00B /* ChooseJobs */,
				5EDD4F392B7CB87B0009D00B /* SelectGenderGroup */,
				5E14FD1E2B794A82002AD82E /* OTP */,
				5E14FD132B7933BD002AD82E /* PhoneRegister */,
			);
			path = Modules;
			sourceTree = "<group>";
		};
		C03413DB2B724160004B0099 /* AdditionalInformation */ = {
			isa = PBXGroup;
			children = (
				C03413C92B7204AE004B0099 /* ViewedView.swift */,
				C03413CB2B720D79004B0099 /* DateView.swift */,
				C03413D32B721709004B0099 /* LocationView.swift */,
				C03413D52B7217CC004B0099 /* ExperienceView.swift */,
			);
			path = AdditionalInformation;
			sourceTree = "<group>";
		};
		C03413DC2B724199004B0099 /* Buttons */ = {
			isa = PBXGroup;
			children = (
				5E4AF2122AC96B0C009E18AB /* BackButtonView.swift */,
				5E4AF2142AC96C38009E18AB /* DefaultButton.swift */,
			);
			path = Buttons;
			sourceTree = "<group>";
		};
		C03413DD2B7241B3004B0099 /* TextFields */ = {
			isa = PBXGroup;
			children = (
				5E4AF2182AC97EEF009E18AB /* OtpTextFieldView.swift */,
				5E4AF21E2AC987B0009E18AB /* TextFieldView.swift */,
				5E4AF2202AC98986009E18AB /* PhoneNumberTextFieldView.swift */,
			);
			path = TextFields;
			sourceTree = "<group>";
		};
		C03413DE2B7241DE004B0099 /* Specific */ = {
			isa = PBXGroup;
			children = (
				5E4AF2222AC99707009E18AB /* OtpView.swift */,
				E0E7632F2AD7BBC40046D7B0 /* GenderSelect.swift */,
				C03413902B70F62A004B0099 /* LikeAnimationView.swift */,
				5EDD4F4D2B7DDF400009D00B /* BottomSheetView.swift */,
			);
			path = Specific;
			sourceTree = "<group>";
		};
		C0F80D7C2B70288800F9508F /* MainPage */ = {
			isa = PBXGroup;
			children = (
				C0F80D7D2B70289600F9508F /* Model */,
				C0F80D7E2B70289D00F9508F /* View */,
			);
			path = MainPage;
			sourceTree = "<group>";
		};
		C0F80D7D2B70289600F9508F /* Model */ = {
			isa = PBXGroup;
			children = (
				C0F80D7A2B70100700F9508F /* JobModel.swift */,
			);
			path = Model;
			sourceTree = "<group>";
		};
		C0F80D7E2B70289D00F9508F /* View */ = {
			isa = PBXGroup;
			children = (
				C0F80D7F2B7028A600F9508F /* Cell */,
				C0F80D802B7028C200F9508F /* JobsView.swift */,
			);
			path = View;
			sourceTree = "<group>";
		};
		C0F80D7F2B7028A600F9508F /* Cell */ = {
			isa = PBXGroup;
			children = (
				C0F80D782B700FC100F9508F /* JobCellView.swift */,
			);
			path = Cell;
			sourceTree = "<group>";
		};
		CEBC44932B70EAF600995F56 /* Constants */ = {
			isa = PBXGroup;
			children = (
				CEBC449A2B70EBDD00995F56 /* Common */,
				CEBC44942B70EB0C00995F56 /* Assets.swift */,
				CEBC44962B70EB9600995F56 /* StringConstant .swift */,
				CEBC44982B70EBC600995F56 /* CommonConstants.swift */,
			);
			path = Constants;
			sourceTree = "<group>";
		};
		CEBC449A2B70EBDD00995F56 /* Common */ = {
			isa = PBXGroup;
			children = (
				CEBC449B2B70EBE600995F56 /* Protocols */,
				CEBC449E2B70EC6900995F56 /* IntExtension.swift */,
				CEBC44A02B70ECA200995F56 /* AppColorsProtocol.swift */,
				CEBC44A22B70ED4F00995F56 /* FontExtension.swift */,
				5E4AF21A2AC97F5B009E18AB /* Text+Utils.swift */,
				CEBC44A62B70EE4D00995F56 /* DateFormatter+.swift */,
				C03413D72B721888004B0099 /* Color+.swift */,
				5E14FD0F2B7932A8002AD82E /* SizedSpacer.swift */,
				5E14FD112B793301002AD82E /* BackButton.swift */,
			);
			path = Common;
			sourceTree = "<group>";
		};
		CEBC449B2B70EBE600995F56 /* Protocols */ = {
			isa = PBXGroup;
			children = (
				5E4AF2162AC96E29009E18AB /* ExtensionColor.swift */,
			);
			path = Protocols;
			sourceTree = "<group>";
		};
		CEBC44AB2B70F09D00995F56 /* ApiClient */ = {
			isa = PBXGroup;
			children = (
				CEBC44AC2B70F0B000995F56 /* Interceptor.swift */,
				CEBC44BB2B70F26700995F56 /* ApiClient.swift */,
				CEBC44BD2B70F2A700995F56 /* Endpoint.swift */,
				CEBC44BF2B70F2D700995F56 /* NetworkLogger.swift */,
				CEBC44C12B70F33E00995F56 /* Router+Auth.swift */,
			);
			path = ApiClient;
			sourceTree = "<group>";
		};
		CEBC44AE2B70F16400995F56 /* Service */ = {
			isa = PBXGroup;
			children = (
				CEBC44AF2B70F17500995F56 /* AccountService.swift */,
			);
			path = Service;
			sourceTree = "<group>";
		};
		CEBC44B12B70F19000995F56 /* Model */ = {
			isa = PBXGroup;
			children = (
				CEBC44B22B70F19700995F56 /* User.swift */,
				5E14FD1C2B793B68002AD82E /* PhoneNumberModel.swift */,
				5E14FD242B794B27002AD82E /* OTPModel.swift */,
				5EDD4F372B7CB7BE0009D00B /* GenderModel.swift */,
			);
			path = Model;
			sourceTree = "<group>";
		};
		CEBC44B62B70F1FC00995F56 /* DataStorage */ = {
			isa = PBXGroup;
			children = (
				CEBC44B42B70F1E200995F56 /* DataStorage.swift */,
				CEBC44B72B70F20E00995F56 /* UserDefaultsStorage.swift */,
				CEBC44B92B70F22300995F56 /* StorageProtocol.swift */,
			);
			path = DataStorage;
			sourceTree = "<group>";
		};
/* End PBXGroup section */

/* Begin PBXNativeTarget section */
		5E4AF1E42AC96AE9009E18AB /* TrendalApp */ = {
			isa = PBXNativeTarget;
			buildConfigurationList = 5E4AF2092AC96AEA009E18AB /* Build configuration list for PBXNativeTarget "TrendalApp" */;
			buildPhases = (
				5E4AF1E12AC96AE9009E18AB /* Sources */,
				5E4AF1E22AC96AE9009E18AB /* Frameworks */,
				5E4AF1E32AC96AE9009E18AB /* Resources */,
			);
			buildRules = (
			);
			dependencies = (
			);
			name = TrendalApp;
			packageProductDependencies = (
				CEBC44A92B70F04400995F56 /* Alamofire */,
			);
			productName = TrendalApp;
			productReference = 5E4AF1E52AC96AE9009E18AB /* TrendalApp.app */;
			productType = "com.apple.product-type.application";
		};
		5E4AF1F42AC96AEA009E18AB /* TrendalAppTests */ = {
			isa = PBXNativeTarget;
			buildConfigurationList = 5E4AF20C2AC96AEA009E18AB /* Build configuration list for PBXNativeTarget "TrendalAppTests" */;
			buildPhases = (
				5E4AF1F12AC96AEA009E18AB /* Sources */,
				5E4AF1F22AC96AEA009E18AB /* Frameworks */,
				5E4AF1F32AC96AEA009E18AB /* Resources */,
			);
			buildRules = (
			);
			dependencies = (
				5E4AF1F72AC96AEA009E18AB /* PBXTargetDependency */,
			);
			name = TrendalAppTests;
			productName = TrendalAppTests;
			productReference = 5E4AF1F52AC96AEA009E18AB /* TrendalAppTests.xctest */;
			productType = "com.apple.product-type.bundle.unit-test";
		};
		5E4AF1FE2AC96AEA009E18AB /* TrendalAppUITests */ = {
			isa = PBXNativeTarget;
			buildConfigurationList = 5E4AF20F2AC96AEA009E18AB /* Build configuration list for PBXNativeTarget "TrendalAppUITests" */;
			buildPhases = (
				5E4AF1FB2AC96AEA009E18AB /* Sources */,
				5E4AF1FC2AC96AEA009E18AB /* Frameworks */,
				5E4AF1FD2AC96AEA009E18AB /* Resources */,
			);
			buildRules = (
			);
			dependencies = (
				5E4AF2012AC96AEA009E18AB /* PBXTargetDependency */,
			);
			name = TrendalAppUITests;
			productName = TrendalAppUITests;
			productReference = 5E4AF1FF2AC96AEA009E18AB /* TrendalAppUITests.xctest */;
			productType = "com.apple.product-type.bundle.ui-testing";
		};
/* End PBXNativeTarget section */

/* Begin PBXProject section */
		5E4AF1DD2AC96AE9009E18AB /* Project object */ = {
			isa = PBXProject;
			attributes = {
				BuildIndependentTargetsInParallel = 1;
				LastSwiftUpdateCheck = 1430;
				LastUpgradeCheck = 1430;
				TargetAttributes = {
					5E4AF1E42AC96AE9009E18AB = {
						CreatedOnToolsVersion = 14.3.1;
					};
					5E4AF1F42AC96AEA009E18AB = {
						CreatedOnToolsVersion = 14.3.1;
						TestTargetID = 5E4AF1E42AC96AE9009E18AB;
					};
					5E4AF1FE2AC96AEA009E18AB = {
						CreatedOnToolsVersion = 14.3.1;
						TestTargetID = 5E4AF1E42AC96AE9009E18AB;
					};
				};
			};
			buildConfigurationList = 5E4AF1E02AC96AE9009E18AB /* Build configuration list for PBXProject "TrendalApp" */;
			compatibilityVersion = "Xcode 14.0";
			developmentRegion = en;
			hasScannedForEncodings = 0;
			knownRegions = (
				en,
				Base,
			);
			mainGroup = 5E4AF1DC2AC96AE9009E18AB;
			packageReferences = (
				CEBC44A82B70F04400995F56 /* XCRemoteSwiftPackageReference "Alamofire" */,
			);
			productRefGroup = 5E4AF1E62AC96AE9009E18AB /* Products */;
			projectDirPath = "";
			projectRoot = "";
			targets = (
				5E4AF1E42AC96AE9009E18AB /* TrendalApp */,
				5E4AF1F42AC96AEA009E18AB /* TrendalAppTests */,
				5E4AF1FE2AC96AEA009E18AB /* TrendalAppUITests */,
			);
		};
/* End PBXProject section */

/* Begin PBXResourcesBuildPhase section */
		5E4AF1E32AC96AE9009E18AB /* Resources */ = {
			isa = PBXResourcesBuildPhase;
			buildActionMask = 2147483647;
			files = (
				5E14FD0E2B78B154002AD82E /* Launch Screen.storyboard in Resources */,
				5E4AF1F02AC96AEA009E18AB /* Preview Assets.xcassets in Resources */,
				5E4AF1ED2AC96AEA009E18AB /* Assets.xcassets in Resources */,
			);
			runOnlyForDeploymentPostprocessing = 0;
		};
		5E4AF1F32AC96AEA009E18AB /* Resources */ = {
			isa = PBXResourcesBuildPhase;
			buildActionMask = 2147483647;
			files = (
			);
			runOnlyForDeploymentPostprocessing = 0;
		};
		5E4AF1FD2AC96AEA009E18AB /* Resources */ = {
			isa = PBXResourcesBuildPhase;
			buildActionMask = 2147483647;
			files = (
			);
			runOnlyForDeploymentPostprocessing = 0;
		};
/* End PBXResourcesBuildPhase section */

/* Begin PBXSourcesBuildPhase section */
		5E4AF1E12AC96AE9009E18AB /* Sources */ = {
			isa = PBXSourcesBuildPhase;
			buildActionMask = 2147483647;
			files = (
				5E4AF2232AC99707009E18AB /* OtpView.swift in Sources */,
				CEBC44952B70EB0C00995F56 /* Assets.swift in Sources */,
				CEBC44BC2B70F26700995F56 /* ApiClient.swift in Sources */,
				5EDD4F3E2B7CB8DF0009D00B /* SelectGenderViewModel.swift in Sources */,
				C0F80D792B700FC100F9508F /* JobCellView.swift in Sources */,
				5E4AF1EB2AC96AE9009E18AB /* ContentView.swift in Sources */,
				CEBC449F2B70EC6900995F56 /* IntExtension.swift in Sources */,
				CEBC44972B70EB9600995F56 /* StringConstant .swift in Sources */,
				5E4AF1E92AC96AE9009E18AB /* TrendalAppApp.swift in Sources */,
				5E14FD102B7932A8002AD82E /* SizedSpacer.swift in Sources */,
				5E4AF21F2AC987B0009E18AB /* TextFieldView.swift in Sources */,
				5E14FD222B794ADE002AD82E /* OTPViewModel.swift in Sources */,
				CEBC44B02B70F17500995F56 /* AccountService.swift in Sources */,
				5EDD4F4C2B7DDAF90009D00B /* ChooseJobsView.swift in Sources */,
				CEBC44C02B70F2D700995F56 /* NetworkLogger.swift in Sources */,
				C03413D82B721888004B0099 /* Color+.swift in Sources */,
				CEBC44B82B70F20E00995F56 /* UserDefaultsStorage.swift in Sources */,
				C03413D42B721709004B0099 /* LocationView.swift in Sources */,
				CEBC44BA2B70F22300995F56 /* StorageProtocol.swift in Sources */,
				C0F80D812B7028C200F9508F /* JobsView.swift in Sources */,
				5EDD4F4A2B7DDAC70009D00B /* ChooseJobsViewModel.swift in Sources */,
				5E14FD272B794BA3002AD82E /* OTPRouter.swift in Sources */,
				5E14FD122B793301002AD82E /* BackButton.swift in Sources */,
				5E4AF2132AC96B0C009E18AB /* BackButtonView.swift in Sources */,
				5E4AF2152AC96C38009E18AB /* DefaultButton.swift in Sources */,
				5EDD4F4E2B7DDF400009D00B /* BottomSheetView.swift in Sources */,
				C03413D62B7217CC004B0099 /* ExperienceView.swift in Sources */,
				CEBC44AD2B70F0B000995F56 /* Interceptor.swift in Sources */,
				CEBC44C22B70F33E00995F56 /* Router+Auth.swift in Sources */,
				5E4AF2192AC97EEF009E18AB /* OtpTextFieldView.swift in Sources */,
				CEBC44A12B70ECA200995F56 /* AppColorsProtocol.swift in Sources */,
				CEBC44A72B70EE4D00995F56 /* DateFormatter+.swift in Sources */,
				E0E763302AD7BBC40046D7B0 /* GenderSelect.swift in Sources */,
				5EDD4F382B7CB7BE0009D00B /* GenderModel.swift in Sources */,
				5E4AF2272ACA745B009E18AB /* PhoneRegisterView.swift in Sources */,
				5E14FD1B2B793B0C002AD82E /* PhoneRegisterViewModel.swift in Sources */,
				C03413CA2B7204AE004B0099 /* ViewedView.swift in Sources */,
				5E14FD1D2B793B68002AD82E /* PhoneNumberModel.swift in Sources */,
				C03413912B70F62A004B0099 /* LikeAnimationView.swift in Sources */,
				5E14FD182B793462002AD82E /* PhoneRegisterRouter.swift in Sources */,
				5E14FD162B793448002AD82E /* PhoneRegisterConfigurator.swift in Sources */,
				CEBC44B32B70F19700995F56 /* User.swift in Sources */,
				5E4AF2172AC96E29009E18AB /* ExtensionColor.swift in Sources */,
				5EDD4F482B7DDA610009D00B /* ChooseJobsRouter.swift in Sources */,
				CEBC44A32B70ED4F00995F56 /* FontExtension.swift in Sources */,
				5EDD4F422B7CB90C0009D00B /* SelectGenderView.swift in Sources */,
				CEBC44B52B70F1E200995F56 /* DataStorage.swift in Sources */,
				5EDD4F3B2B7CB8BE0009D00B /* SelectGenderRouter.swift in Sources */,
				CEBC44992B70EBC600995F56 /* CommonConstants.swift in Sources */,
				C0F80D7B2B70100700F9508F /* JobModel.swift in Sources */,
				5E4AF2292ACA7B60009E18AB /* OtpViewScreen.swift in Sources */,
				5E4AF2212AC98986009E18AB /* PhoneNumberTextFieldView.swift in Sources */,
				CEBC44BE2B70F2A700995F56 /* Endpoint.swift in Sources */,
				5E14FD252B794B27002AD82E /* OTPModel.swift in Sources */,
				C03413CC2B720D79004B0099 /* DateView.swift in Sources */,
				5E4AF21B2AC97F5B009E18AB /* Text+Utils.swift in Sources */,
			);
			runOnlyForDeploymentPostprocessing = 0;
		};
		5E4AF1F12AC96AEA009E18AB /* Sources */ = {
			isa = PBXSourcesBuildPhase;
			buildActionMask = 2147483647;
			files = (
				5E4AF1FA2AC96AEA009E18AB /* TrendalAppTests.swift in Sources */,
			);
			runOnlyForDeploymentPostprocessing = 0;
		};
		5E4AF1FB2AC96AEA009E18AB /* Sources */ = {
			isa = PBXSourcesBuildPhase;
			buildActionMask = 2147483647;
			files = (
				5E4AF2042AC96AEA009E18AB /* TrendalAppUITests.swift in Sources */,
				5E4AF2062AC96AEA009E18AB /* TrendalAppUITestsLaunchTests.swift in Sources */,
			);
			runOnlyForDeploymentPostprocessing = 0;
		};
/* End PBXSourcesBuildPhase section */

/* Begin PBXTargetDependency section */
		5E4AF1F72AC96AEA009E18AB /* PBXTargetDependency */ = {
			isa = PBXTargetDependency;
			target = 5E4AF1E42AC96AE9009E18AB /* TrendalApp */;
			targetProxy = 5E4AF1F62AC96AEA009E18AB /* PBXContainerItemProxy */;
		};
		5E4AF2012AC96AEA009E18AB /* PBXTargetDependency */ = {
			isa = PBXTargetDependency;
			target = 5E4AF1E42AC96AE9009E18AB /* TrendalApp */;
			targetProxy = 5E4AF2002AC96AEA009E18AB /* PBXContainerItemProxy */;
		};
/* End PBXTargetDependency section */

/* Begin XCBuildConfiguration section */
		5E4AF2072AC96AEA009E18AB /* Debug */ = {
			isa = XCBuildConfiguration;
			buildSettings = {
				ALWAYS_SEARCH_USER_PATHS = NO;
				CLANG_ANALYZER_NONNULL = YES;
				CLANG_ANALYZER_NUMBER_OBJECT_CONVERSION = YES_AGGRESSIVE;
				CLANG_CXX_LANGUAGE_STANDARD = "gnu++20";
				CLANG_ENABLE_MODULES = YES;
				CLANG_ENABLE_OBJC_ARC = YES;
				CLANG_ENABLE_OBJC_WEAK = YES;
				CLANG_WARN_BLOCK_CAPTURE_AUTORELEASING = YES;
				CLANG_WARN_BOOL_CONVERSION = YES;
				CLANG_WARN_COMMA = YES;
				CLANG_WARN_CONSTANT_CONVERSION = YES;
				CLANG_WARN_DEPRECATED_OBJC_IMPLEMENTATIONS = YES;
				CLANG_WARN_DIRECT_OBJC_ISA_USAGE = YES_ERROR;
				CLANG_WARN_DOCUMENTATION_COMMENTS = YES;
				CLANG_WARN_EMPTY_BODY = YES;
				CLANG_WARN_ENUM_CONVERSION = YES;
				CLANG_WARN_INFINITE_RECURSION = YES;
				CLANG_WARN_INT_CONVERSION = YES;
				CLANG_WARN_NON_LITERAL_NULL_CONVERSION = YES;
				CLANG_WARN_OBJC_IMPLICIT_RETAIN_SELF = YES;
				CLANG_WARN_OBJC_LITERAL_CONVERSION = YES;
				CLANG_WARN_OBJC_ROOT_CLASS = YES_ERROR;
				CLANG_WARN_QUOTED_INCLUDE_IN_FRAMEWORK_HEADER = YES;
				CLANG_WARN_RANGE_LOOP_ANALYSIS = YES;
				CLANG_WARN_STRICT_PROTOTYPES = YES;
				CLANG_WARN_SUSPICIOUS_MOVE = YES;
				CLANG_WARN_UNGUARDED_AVAILABILITY = YES_AGGRESSIVE;
				CLANG_WARN_UNREACHABLE_CODE = YES;
				CLANG_WARN__DUPLICATE_METHOD_MATCH = YES;
				COPY_PHASE_STRIP = NO;
				DEBUG_INFORMATION_FORMAT = dwarf;
				ENABLE_STRICT_OBJC_MSGSEND = YES;
				ENABLE_TESTABILITY = YES;
				GCC_C_LANGUAGE_STANDARD = gnu11;
				GCC_DYNAMIC_NO_PIC = NO;
				GCC_NO_COMMON_BLOCKS = YES;
				GCC_OPTIMIZATION_LEVEL = 0;
				GCC_PREPROCESSOR_DEFINITIONS = (
					"DEBUG=1",
					"$(inherited)",
				);
				GCC_WARN_64_TO_32_BIT_CONVERSION = YES;
				GCC_WARN_ABOUT_RETURN_TYPE = YES_ERROR;
				GCC_WARN_UNDECLARED_SELECTOR = YES;
				GCC_WARN_UNINITIALIZED_AUTOS = YES_AGGRESSIVE;
				GCC_WARN_UNUSED_FUNCTION = YES;
				GCC_WARN_UNUSED_VARIABLE = YES;
				IPHONEOS_DEPLOYMENT_TARGET = 16.4;
				MTL_ENABLE_DEBUG_INFO = INCLUDE_SOURCE;
				MTL_FAST_MATH = YES;
				ONLY_ACTIVE_ARCH = YES;
				SDKROOT = iphoneos;
				SWIFT_ACTIVE_COMPILATION_CONDITIONS = DEBUG;
				SWIFT_OPTIMIZATION_LEVEL = "-Onone";
			};
			name = Debug;
		};
		5E4AF2082AC96AEA009E18AB /* Release */ = {
			isa = XCBuildConfiguration;
			buildSettings = {
				ALWAYS_SEARCH_USER_PATHS = NO;
				CLANG_ANALYZER_NONNULL = YES;
				CLANG_ANALYZER_NUMBER_OBJECT_CONVERSION = YES_AGGRESSIVE;
				CLANG_CXX_LANGUAGE_STANDARD = "gnu++20";
				CLANG_ENABLE_MODULES = YES;
				CLANG_ENABLE_OBJC_ARC = YES;
				CLANG_ENABLE_OBJC_WEAK = YES;
				CLANG_WARN_BLOCK_CAPTURE_AUTORELEASING = YES;
				CLANG_WARN_BOOL_CONVERSION = YES;
				CLANG_WARN_COMMA = YES;
				CLANG_WARN_CONSTANT_CONVERSION = YES;
				CLANG_WARN_DEPRECATED_OBJC_IMPLEMENTATIONS = YES;
				CLANG_WARN_DIRECT_OBJC_ISA_USAGE = YES_ERROR;
				CLANG_WARN_DOCUMENTATION_COMMENTS = YES;
				CLANG_WARN_EMPTY_BODY = YES;
				CLANG_WARN_ENUM_CONVERSION = YES;
				CLANG_WARN_INFINITE_RECURSION = YES;
				CLANG_WARN_INT_CONVERSION = YES;
				CLANG_WARN_NON_LITERAL_NULL_CONVERSION = YES;
				CLANG_WARN_OBJC_IMPLICIT_RETAIN_SELF = YES;
				CLANG_WARN_OBJC_LITERAL_CONVERSION = YES;
				CLANG_WARN_OBJC_ROOT_CLASS = YES_ERROR;
				CLANG_WARN_QUOTED_INCLUDE_IN_FRAMEWORK_HEADER = YES;
				CLANG_WARN_RANGE_LOOP_ANALYSIS = YES;
				CLANG_WARN_STRICT_PROTOTYPES = YES;
				CLANG_WARN_SUSPICIOUS_MOVE = YES;
				CLANG_WARN_UNGUARDED_AVAILABILITY = YES_AGGRESSIVE;
				CLANG_WARN_UNREACHABLE_CODE = YES;
				CLANG_WARN__DUPLICATE_METHOD_MATCH = YES;
				COPY_PHASE_STRIP = NO;
				DEBUG_INFORMATION_FORMAT = "dwarf-with-dsym";
				ENABLE_NS_ASSERTIONS = NO;
				ENABLE_STRICT_OBJC_MSGSEND = YES;
				GCC_C_LANGUAGE_STANDARD = gnu11;
				GCC_NO_COMMON_BLOCKS = YES;
				GCC_WARN_64_TO_32_BIT_CONVERSION = YES;
				GCC_WARN_ABOUT_RETURN_TYPE = YES_ERROR;
				GCC_WARN_UNDECLARED_SELECTOR = YES;
				GCC_WARN_UNINITIALIZED_AUTOS = YES_AGGRESSIVE;
				GCC_WARN_UNUSED_FUNCTION = YES;
				GCC_WARN_UNUSED_VARIABLE = YES;
				IPHONEOS_DEPLOYMENT_TARGET = 16.4;
				MTL_ENABLE_DEBUG_INFO = NO;
				MTL_FAST_MATH = YES;
				SDKROOT = iphoneos;
				SWIFT_COMPILATION_MODE = wholemodule;
				SWIFT_OPTIMIZATION_LEVEL = "-O";
				VALIDATE_PRODUCT = YES;
			};
			name = Release;
		};
		5E4AF20A2AC96AEA009E18AB /* Debug */ = {
			isa = XCBuildConfiguration;
			buildSettings = {
				ASSETCATALOG_COMPILER_APPICON_NAME = AppIcon;
				ASSETCATALOG_COMPILER_GLOBAL_ACCENT_COLOR_NAME = AccentColor;
				CODE_SIGN_STYLE = Automatic;
				CURRENT_PROJECT_VERSION = 1;
				DEVELOPMENT_ASSET_PATHS = "\"TrendalApp/Preview Content\"";
				DEVELOPMENT_TEAM = Y9QHBXLG7J;
				ENABLE_PREVIEWS = YES;
				GENERATE_INFOPLIST_FILE = YES;
				INFOPLIST_KEY_UIApplicationSceneManifest_Generation = YES;
				INFOPLIST_KEY_UIApplicationSupportsIndirectInputEvents = YES;
				INFOPLIST_KEY_UILaunchScreen_Generation = YES;
				INFOPLIST_KEY_UILaunchStoryboardName = "Launch Screen.storyboard";
				INFOPLIST_KEY_UISupportedInterfaceOrientations_iPad = "UIInterfaceOrientationPortrait UIInterfaceOrientationPortraitUpsideDown UIInterfaceOrientationLandscapeLeft UIInterfaceOrientationLandscapeRight";
				INFOPLIST_KEY_UISupportedInterfaceOrientations_iPhone = "UIInterfaceOrientationPortrait UIInterfaceOrientationLandscapeLeft UIInterfaceOrientationLandscapeRight";
				LD_RUNPATH_SEARCH_PATHS = (
					"$(inherited)",
					"@executable_path/Frameworks",
				);
				MARKETING_VERSION = 1.0;
				PRODUCT_BUNDLE_IDENTIFIER = previewProject.TrendalApp;
				PRODUCT_NAME = "$(TARGET_NAME)";
				SWIFT_EMIT_LOC_STRINGS = YES;
				SWIFT_VERSION = 5.0;
				TARGETED_DEVICE_FAMILY = "1,2";
			};
			name = Debug;
		};
		5E4AF20B2AC96AEA009E18AB /* Release */ = {
			isa = XCBuildConfiguration;
			buildSettings = {
				ASSETCATALOG_COMPILER_APPICON_NAME = AppIcon;
				ASSETCATALOG_COMPILER_GLOBAL_ACCENT_COLOR_NAME = AccentColor;
				CODE_SIGN_STYLE = Automatic;
				CURRENT_PROJECT_VERSION = 1;
				DEVELOPMENT_ASSET_PATHS = "\"TrendalApp/Preview Content\"";
				DEVELOPMENT_TEAM = Y9QHBXLG7J;
				ENABLE_PREVIEWS = YES;
				GENERATE_INFOPLIST_FILE = YES;
				INFOPLIST_KEY_UIApplicationSceneManifest_Generation = YES;
				INFOPLIST_KEY_UIApplicationSupportsIndirectInputEvents = YES;
				INFOPLIST_KEY_UILaunchScreen_Generation = YES;
				INFOPLIST_KEY_UILaunchStoryboardName = "Launch Screen.storyboard";
				INFOPLIST_KEY_UISupportedInterfaceOrientations_iPad = "UIInterfaceOrientationPortrait UIInterfaceOrientationPortraitUpsideDown UIInterfaceOrientationLandscapeLeft UIInterfaceOrientationLandscapeRight";
				INFOPLIST_KEY_UISupportedInterfaceOrientations_iPhone = "UIInterfaceOrientationPortrait UIInterfaceOrientationLandscapeLeft UIInterfaceOrientationLandscapeRight";
				LD_RUNPATH_SEARCH_PATHS = (
					"$(inherited)",
					"@executable_path/Frameworks",
				);
				MARKETING_VERSION = 1.0;
				PRODUCT_BUNDLE_IDENTIFIER = previewProject.TrendalApp;
				PRODUCT_NAME = "$(TARGET_NAME)";
				SWIFT_EMIT_LOC_STRINGS = YES;
				SWIFT_VERSION = 5.0;
				TARGETED_DEVICE_FAMILY = "1,2";
			};
			name = Release;
		};
		5E4AF20D2AC96AEA009E18AB /* Debug */ = {
			isa = XCBuildConfiguration;
			buildSettings = {
				ALWAYS_EMBED_SWIFT_STANDARD_LIBRARIES = YES;
				BUNDLE_LOADER = "$(TEST_HOST)";
				CODE_SIGN_STYLE = Automatic;
				CURRENT_PROJECT_VERSION = 1;
				DEVELOPMENT_TEAM = 87SSGGH7S6;
				GENERATE_INFOPLIST_FILE = YES;
				IPHONEOS_DEPLOYMENT_TARGET = 16.4;
				MARKETING_VERSION = 1.0;
				PRODUCT_BUNDLE_IDENTIFIER = previewProject.TrendalAppTests;
				PRODUCT_NAME = "$(TARGET_NAME)";
				SWIFT_EMIT_LOC_STRINGS = NO;
				SWIFT_VERSION = 5.0;
				TARGETED_DEVICE_FAMILY = "1,2";
				TEST_HOST = "$(BUILT_PRODUCTS_DIR)/TrendalApp.app/$(BUNDLE_EXECUTABLE_FOLDER_PATH)/TrendalApp";
			};
			name = Debug;
		};
		5E4AF20E2AC96AEA009E18AB /* Release */ = {
			isa = XCBuildConfiguration;
			buildSettings = {
				ALWAYS_EMBED_SWIFT_STANDARD_LIBRARIES = YES;
				BUNDLE_LOADER = "$(TEST_HOST)";
				CODE_SIGN_STYLE = Automatic;
				CURRENT_PROJECT_VERSION = 1;
				DEVELOPMENT_TEAM = 87SSGGH7S6;
				GENERATE_INFOPLIST_FILE = YES;
				IPHONEOS_DEPLOYMENT_TARGET = 16.4;
				MARKETING_VERSION = 1.0;
				PRODUCT_BUNDLE_IDENTIFIER = previewProject.TrendalAppTests;
				PRODUCT_NAME = "$(TARGET_NAME)";
				SWIFT_EMIT_LOC_STRINGS = NO;
				SWIFT_VERSION = 5.0;
				TARGETED_DEVICE_FAMILY = "1,2";
				TEST_HOST = "$(BUILT_PRODUCTS_DIR)/TrendalApp.app/$(BUNDLE_EXECUTABLE_FOLDER_PATH)/TrendalApp";
			};
			name = Release;
		};
		5E4AF2102AC96AEA009E18AB /* Debug */ = {
			isa = XCBuildConfiguration;
			buildSettings = {
				ALWAYS_EMBED_SWIFT_STANDARD_LIBRARIES = YES;
				CODE_SIGN_STYLE = Automatic;
				CURRENT_PROJECT_VERSION = 1;
				DEVELOPMENT_TEAM = 87SSGGH7S6;
				GENERATE_INFOPLIST_FILE = YES;
				MARKETING_VERSION = 1.0;
				PRODUCT_BUNDLE_IDENTIFIER = previewProject.TrendalAppUITests;
				PRODUCT_NAME = "$(TARGET_NAME)";
				SWIFT_EMIT_LOC_STRINGS = NO;
				SWIFT_VERSION = 5.0;
				TARGETED_DEVICE_FAMILY = "1,2";
				TEST_TARGET_NAME = TrendalApp;
			};
			name = Debug;
		};
		5E4AF2112AC96AEA009E18AB /* Release */ = {
			isa = XCBuildConfiguration;
			buildSettings = {
				ALWAYS_EMBED_SWIFT_STANDARD_LIBRARIES = YES;
				CODE_SIGN_STYLE = Automatic;
				CURRENT_PROJECT_VERSION = 1;
				DEVELOPMENT_TEAM = 87SSGGH7S6;
				GENERATE_INFOPLIST_FILE = YES;
				MARKETING_VERSION = 1.0;
				PRODUCT_BUNDLE_IDENTIFIER = previewProject.TrendalAppUITests;
				PRODUCT_NAME = "$(TARGET_NAME)";
				SWIFT_EMIT_LOC_STRINGS = NO;
				SWIFT_VERSION = 5.0;
				TARGETED_DEVICE_FAMILY = "1,2";
				TEST_TARGET_NAME = TrendalApp;
			};
			name = Release;
		};
/* End XCBuildConfiguration section */

/* Begin XCConfigurationList section */
		5E4AF1E02AC96AE9009E18AB /* Build configuration list for PBXProject "TrendalApp" */ = {
			isa = XCConfigurationList;
			buildConfigurations = (
				5E4AF2072AC96AEA009E18AB /* Debug */,
				5E4AF2082AC96AEA009E18AB /* Release */,
			);
			defaultConfigurationIsVisible = 0;
			defaultConfigurationName = Release;
		};
		5E4AF2092AC96AEA009E18AB /* Build configuration list for PBXNativeTarget "TrendalApp" */ = {
			isa = XCConfigurationList;
			buildConfigurations = (
				5E4AF20A2AC96AEA009E18AB /* Debug */,
				5E4AF20B2AC96AEA009E18AB /* Release */,
			);
			defaultConfigurationIsVisible = 0;
			defaultConfigurationName = Release;
		};
		5E4AF20C2AC96AEA009E18AB /* Build configuration list for PBXNativeTarget "TrendalAppTests" */ = {
			isa = XCConfigurationList;
			buildConfigurations = (
				5E4AF20D2AC96AEA009E18AB /* Debug */,
				5E4AF20E2AC96AEA009E18AB /* Release */,
			);
			defaultConfigurationIsVisible = 0;
			defaultConfigurationName = Release;
		};
		5E4AF20F2AC96AEA009E18AB /* Build configuration list for PBXNativeTarget "TrendalAppUITests" */ = {
			isa = XCConfigurationList;
			buildConfigurations = (
				5E4AF2102AC96AEA009E18AB /* Debug */,
				5E4AF2112AC96AEA009E18AB /* Release */,
			);
			defaultConfigurationIsVisible = 0;
			defaultConfigurationName = Release;
		};
/* End XCConfigurationList section */

/* Begin XCRemoteSwiftPackageReference section */
		CEBC44A82B70F04400995F56 /* XCRemoteSwiftPackageReference "Alamofire" */ = {
			isa = XCRemoteSwiftPackageReference;
			repositoryURL = "https://github.com/Alamofire/Alamofire";
			requirement = {
				kind = upToNextMajorVersion;
				minimumVersion = 5.8.1;
			};
		};
/* End XCRemoteSwiftPackageReference section */

/* Begin XCSwiftPackageProductDependency section */
		CEBC44A92B70F04400995F56 /* Alamofire */ = {
			isa = XCSwiftPackageProductDependency;
			package = CEBC44A82B70F04400995F56 /* XCRemoteSwiftPackageReference "Alamofire" */;
			productName = Alamofire;
		};
/* End XCSwiftPackageProductDependency section */
	};
	rootObject = 5E4AF1DD2AC96AE9009E18AB /* Project object */;
}
